
Microsoft Visual Studio Solution File, Format Version 12.00
# Visual Studio Version 17
VisualStudioVersion = 17.0.31903.59
MinimumVisualStudioVersion = 10.0.40219.1
Project("{9A19103F-16F7-4668-BE54-9A1E7A4F7556}") = "EFCoreDataAccess", "src\EFCoreDataAccess\EFCoreDataAccess.csproj", "{8C0CA7F2-1C9B-4682-A831-D0BF535C055B}"
EndProject
Project("{2150E333-8FDC-42A3-9474-1A3956D46DE8}") = "Tests", "Tests", "{4F76B87C-8A44-4775-9BE2-7840AAC7898A}"
EndProject
Project("{2150E333-8FDC-42A3-9474-1A3956D46DE8}") = "Sample", "Sample", "{1892D551-CE07-467B-A74F-D7D71D2879CC}"
EndProject
Project("{9A19103F-16F7-4668-BE54-9A1E7A4F7556}") = "EFCoreDataAccess.Tests", "tests\EFCoreDataAccess.Tests\EFCoreDataAccess.Tests.csproj", "{1066A8E3-4270-492C-BE2B-2136F8A931AF}"
EndProject
Project("{9A19103F-16F7-4668-BE54-9A1E7A4F7556}") = "EFCoreDataAccess.Data", "src\EFCoreDataAccess.Data\EFCoreDataAccess.Data.csproj", "{7F25316F-3A00-4A30-9293-FF067712340B}"
EndProject
Project("{9A19103F-16F7-4668-BE54-9A1E7A4F7556}") = "EFCoreDataAccess.Models", "src\EFCoreDataAccess.Models\EFCoreDataAccess.Models.csproj", "{0754FC18-29B6-49CB-A39E-FDF7975FE82D}"
EndProject
Project("{9A19103F-16F7-4668-BE54-9A1E7A4F7556}") = "EFCoreDataAccess.API", "src\EFCoreDataAccess.API\EFCoreDataAccess.API.csproj", "{3261B80F-42A1-4664-9852-A6A0708BBF80}"
EndProject
Project("{2150E333-8FDC-42A3-9474-1A3956D46DE8}") = ".github", ".github", "{DA40A2C7-B40B-4EE8-8119-8C16A0445BCD}"
EndProject
Project("{2150E333-8FDC-42A3-9474-1A3956D46DE8}") = "workflows", "workflows", "{B51C24FF-4A93-4919-83CE-80D0795F7E9E}"
	ProjectSection(SolutionItems) = preProject
		workflow.yml = workflow.yml
	EndProjectSection
EndProject
Global
	GlobalSection(SolutionConfigurationPlatforms) = preSolution
		Debug|Any CPU = Debug|Any CPU
		Release|Any CPU = Release|Any CPU
	EndGlobalSection
	GlobalSection(ProjectConfigurationPlatforms) = postSolution
		{8C0CA7F2-1C9B-4682-A831-D0BF535C055B}.Debug|Any CPU.ActiveCfg = Debug|Any CPU
		{8C0CA7F2-1C9B-4682-A831-D0BF535C055B}.Debug|Any CPU.Build.0 = Debug|Any CPU
		{8C0CA7F2-1C9B-4682-A831-D0BF535C055B}.Release|Any CPU.ActiveCfg = Release|Any CPU
		{8C0CA7F2-1C9B-4682-A831-D0BF535C055B}.Release|Any CPU.Build.0 = Release|Any CPU
		{1066A8E3-4270-492C-BE2B-2136F8A931AF}.Debug|Any CPU.ActiveCfg = Debug|Any CPU
		{1066A8E3-4270-492C-BE2B-2136F8A931AF}.Debug|Any CPU.Build.0 = Debug|Any CPU
		{1066A8E3-4270-492C-BE2B-2136F8A931AF}.Release|Any CPU.ActiveCfg = Release|Any CPU
		{1066A8E3-4270-492C-BE2B-2136F8A931AF}.Release|Any CPU.Build.0 = Release|Any CPU
		{7F25316F-3A00-4A30-9293-FF067712340B}.Debug|Any CPU.ActiveCfg = Debug|Any CPU
		{7F25316F-3A00-4A30-9293-FF067712340B}.Debug|Any CPU.Build.0 = Debug|Any CPU
		{7F25316F-3A00-4A30-9293-FF067712340B}.Release|Any CPU.ActiveCfg = Release|Any CPU
		{7F25316F-3A00-4A30-9293-FF067712340B}.Release|Any CPU.Build.0 = Release|Any CPU
		{0754FC18-29B6-49CB-A39E-FDF7975FE82D}.Debug|Any CPU.ActiveCfg = Debug|Any CPU
		{0754FC18-29B6-49CB-A39E-FDF7975FE82D}.Debug|Any CPU.Build.0 = Debug|Any CPU
		{0754FC18-29B6-49CB-A39E-FDF7975FE82D}.Release|Any CPU.ActiveCfg = Release|Any CPU
		{0754FC18-29B6-49CB-A39E-FDF7975FE82D}.Release|Any CPU.Build.0 = Release|Any CPU
		{3261B80F-42A1-4664-9852-A6A0708BBF80}.Debug|Any CPU.ActiveCfg = Debug|Any CPU
		{3261B80F-42A1-4664-9852-A6A0708BBF80}.Debug|Any CPU.Build.0 = Debug|Any CPU
		{3261B80F-42A1-4664-9852-A6A0708BBF80}.Release|Any CPU.ActiveCfg = Release|Any CPU
		{3261B80F-42A1-4664-9852-A6A0708BBF80}.Release|Any CPU.Build.0 = Release|Any CPU
	EndGlobalSection
	GlobalSection(SolutionProperties) = preSolution
		HideSolutionNode = FALSE
	EndGlobalSection
	GlobalSection(NestedProjects) = preSolution
		{1066A8E3-4270-492C-BE2B-2136F8A931AF} = {4F76B87C-8A44-4775-9BE2-7840AAC7898A}
		{7F25316F-3A00-4A30-9293-FF067712340B} = {1892D551-CE07-467B-A74F-D7D71D2879CC}
		{0754FC18-29B6-49CB-A39E-FDF7975FE82D} = {1892D551-CE07-467B-A74F-D7D71D2879CC}
		{3261B80F-42A1-4664-9852-A6A0708BBF80} = {1892D551-CE07-467B-A74F-D7D71D2879CC}
		{B51C24FF-4A93-4919-83CE-80D0795F7E9E} = {DA40A2C7-B40B-4EE8-8119-8C16A0445BCD}
	EndGlobalSection
	GlobalSection(ExtensibilityGlobals) = postSolution
		SolutionGuid = {13B68281-C37D-4E5B-93ED-3209AE572298}
	EndGlobalSection
EndGlobal
